
Microsoft Visual Studio Solution File, Format Version 12.00
# Visual Studio Version 17
VisualStudioVersion = 17.3.32929.385
MinimumVisualStudioVersion = 10.0.40219.1
Project("{8BC9CEB8-8B4A-11D0-8D11-00A0C91BC942}") = "01_IntroOOP", "01_IntroOOP\01_IntroOOP.vcxproj", "{1B9E3351-3EE5-458B-9C8F-99B598A8012E}"
EndProject
Project("{8BC9CEB8-8B4A-11D0-8D11-00A0C91BC942}") = "02_CopyConstructor", "02_CopyConstructor\02_CopyConstructor.vcxproj", "{F028F8C9-531D-468C-BF33-BF6A4F97F3CD}"
EndProject
Project("{8BC9CEB8-8B4A-11D0-8D11-00A0C91BC942}") = "03_StaticDelegation", "03_StaticDelegation\03_StaticDelegation.vcxproj", "{A1F131FF-423C-4C4D-B728-0C05400DDF14}"
EndProject
Project("{8BC9CEB8-8B4A-11D0-8D11-00A0C91BC942}") = "04_ConstExplicit", "04_ConstExplicit\04_ConstExplicit.vcxproj", "{E9FA084C-45AC-4971-9842-72E189246108}"
EndProject
Project("{8BC9CEB8-8B4A-11D0-8D11-00A0C91BC942}") = "05_OverloadOperators", "05_OverloadOperators\05_OverloadOperators.vcxproj", "{AA0A38B5-05C7-4283-9594-CF8ED8FECAED}"
EndProject
Project("{8BC9CEB8-8B4A-11D0-8D11-00A0C91BC942}") = "06_Train", "06_Train\06_Train.vcxproj", "{8217B9CE-8609-495A-BE09-1C916842BEE1}"
EndProject
Project("{8BC9CEB8-8B4A-11D0-8D11-00A0C91BC942}") = "07_OverloadTypes", "07_OverloadTypes\07_OverloadTypes.vcxproj", "{5189D12B-34B5-4C36-B925-1FA1E0705F64}"
EndProject
Global
	GlobalSection(SolutionConfigurationPlatforms) = preSolution
		Debug|Any CPU = Debug|Any CPU
		Debug|x64 = Debug|x64
		Debug|x86 = Debug|x86
		Release|Any CPU = Release|Any CPU
		Release|x64 = Release|x64
		Release|x86 = Release|x86
	EndGlobalSection
	GlobalSection(ProjectConfigurationPlatforms) = postSolution
		{1B9E3351-3EE5-458B-9C8F-99B598A8012E}.Debug|Any CPU.ActiveCfg = Debug|x64
		{1B9E3351-3EE5-458B-9C8F-99B598A8012E}.Debug|Any CPU.Build.0 = Debug|x64
		{1B9E3351-3EE5-458B-9C8F-99B598A8012E}.Debug|x64.ActiveCfg = Debug|x64
		{1B9E3351-3EE5-458B-9C8F-99B598A8012E}.Debug|x64.Build.0 = Debug|x64
		{1B9E3351-3EE5-458B-9C8F-99B598A8012E}.Debug|x86.ActiveCfg = Debug|Win32
		{1B9E3351-3EE5-458B-9C8F-99B598A8012E}.Debug|x86.Build.0 = Debug|Win32
		{1B9E3351-3EE5-458B-9C8F-99B598A8012E}.Release|Any CPU.ActiveCfg = Release|x64
		{1B9E3351-3EE5-458B-9C8F-99B598A8012E}.Release|Any CPU.Build.0 = Release|x64
		{1B9E3351-3EE5-458B-9C8F-99B598A8012E}.Release|x64.ActiveCfg = Release|x64
		{1B9E3351-3EE5-458B-9C8F-99B598A8012E}.Release|x64.Build.0 = Release|x64
		{1B9E3351-3EE5-458B-9C8F-99B598A8012E}.Release|x86.ActiveCfg = Release|Win32
		{1B9E3351-3EE5-458B-9C8F-99B598A8012E}.Release|x86.Build.0 = Release|Win32
		{F028F8C9-531D-468C-BF33-BF6A4F97F3CD}.Debug|Any CPU.ActiveCfg = Debug|x64
		{F028F8C9-531D-468C-BF33-BF6A4F97F3CD}.Debug|Any CPU.Build.0 = Debug|x64
		{F028F8C9-531D-468C-BF33-BF6A4F97F3CD}.Debug|x64.ActiveCfg = Debug|x64
		{F028F8C9-531D-468C-BF33-BF6A4F97F3CD}.Debug|x64.Build.0 = Debug|x64
		{F028F8C9-531D-468C-BF33-BF6A4F97F3CD}.Debug|x86.ActiveCfg = Debug|Win32
		{F028F8C9-531D-468C-BF33-BF6A4F97F3CD}.Debug|x86.Build.0 = Debug|Win32
		{F028F8C9-531D-468C-BF33-BF6A4F97F3CD}.Release|Any CPU.ActiveCfg = Release|x64
		{F028F8C9-531D-468C-BF33-BF6A4F97F3CD}.Release|Any CPU.Build.0 = Release|x64
		{F028F8C9-531D-468C-BF33-BF6A4F97F3CD}.Release|x64.ActiveCfg = Release|x64
		{F028F8C9-531D-468C-BF33-BF6A4F97F3CD}.Release|x64.Build.0 = Release|x64
		{F028F8C9-531D-468C-BF33-BF6A4F97F3CD}.Release|x86.ActiveCfg = Release|Win32
		{F028F8C9-531D-468C-BF33-BF6A4F97F3CD}.Release|x86.Build.0 = Release|Win32
		{A1F131FF-423C-4C4D-B728-0C05400DDF14}.Debug|Any CPU.ActiveCfg = Debug|x64
		{A1F131FF-423C-4C4D-B728-0C05400DDF14}.Debug|Any CPU.Build.0 = Debug|x64
		{A1F131FF-423C-4C4D-B728-0C05400DDF14}.Debug|x64.ActiveCfg = Debug|x64
		{A1F131FF-423C-4C4D-B728-0C05400DDF14}.Debug|x64.Build.0 = Debug|x64
		{A1F131FF-423C-4C4D-B728-0C05400DDF14}.Debug|x86.ActiveCfg = Debug|Win32
		{A1F131FF-423C-4C4D-B728-0C05400DDF14}.Debug|x86.Build.0 = Debug|Win32
		{A1F131FF-423C-4C4D-B728-0C05400DDF14}.Release|Any CPU.ActiveCfg = Release|x64
		{A1F131FF-423C-4C4D-B728-0C05400DDF14}.Release|Any CPU.Build.0 = Release|x64
		{A1F131FF-423C-4C4D-B728-0C05400DDF14}.Release|x64.ActiveCfg = Release|x64
		{A1F131FF-423C-4C4D-B728-0C05400DDF14}.Release|x64.Build.0 = Release|x64
		{A1F131FF-423C-4C4D-B728-0C05400DDF14}.Release|x86.ActiveCfg = Release|Win32
		{A1F131FF-423C-4C4D-B728-0C05400DDF14}.Release|x86.Build.0 = Release|Win32
		{E9FA084C-45AC-4971-9842-72E189246108}.Debug|Any CPU.ActiveCfg = Debug|x64
		{E9FA084C-45AC-4971-9842-72E189246108}.Debug|Any CPU.Build.0 = Debug|x64
		{E9FA084C-45AC-4971-9842-72E189246108}.Debug|x64.ActiveCfg = Debug|x64
		{E9FA084C-45AC-4971-9842-72E189246108}.Debug|x64.Build.0 = Debug|x64
		{E9FA084C-45AC-4971-9842-72E189246108}.Debug|x86.ActiveCfg = Debug|Win32
		{E9FA084C-45AC-4971-9842-72E189246108}.Debug|x86.Build.0 = Debug|Win32
		{E9FA084C-45AC-4971-9842-72E189246108}.Release|Any CPU.ActiveCfg = Release|x64
		{E9FA084C-45AC-4971-9842-72E189246108}.Release|Any CPU.Build.0 = Release|x64
		{E9FA084C-45AC-4971-9842-72E189246108}.Release|x64.ActiveCfg = Release|x64
		{E9FA084C-45AC-4971-9842-72E189246108}.Release|x64.Build.0 = Release|x64
		{E9FA084C-45AC-4971-9842-72E189246108}.Release|x86.ActiveCfg = Release|Win32
		{E9FA084C-45AC-4971-9842-72E189246108}.Release|x86.Build.0 = Release|Win32
		{AA0A38B5-05C7-4283-9594-CF8ED8FECAED}.Debug|Any CPU.ActiveCfg = Debug|x64
		{AA0A38B5-05C7-4283-9594-CF8ED8FECAED}.Debug|Any CPU.Build.0 = Debug|x64
		{AA0A38B5-05C7-4283-9594-CF8ED8FECAED}.Debug|x64.ActiveCfg = Debug|x64
		{AA0A38B5-05C7-4283-9594-CF8ED8FECAED}.Debug|x64.Build.0 = Debug|x64
		{AA0A38B5-05C7-4283-9594-CF8ED8FECAED}.Debug|x86.ActiveCfg = Debug|Win32
		{AA0A38B5-05C7-4283-9594-CF8ED8FECAED}.Debug|x86.Build.0 = Debug|Win32
		{AA0A38B5-05C7-4283-9594-CF8ED8FECAED}.Release|Any CPU.ActiveCfg = Release|x64
		{AA0A38B5-05C7-4283-9594-CF8ED8FECAED}.Release|Any CPU.Build.0 = Release|x64
		{AA0A38B5-05C7-4283-9594-CF8ED8FECAED}.Release|x64.ActiveCfg = Release|x64
		{AA0A38B5-05C7-4283-9594-CF8ED8FECAED}.Release|x64.Build.0 = Release|x64
		{AA0A38B5-05C7-4283-9594-CF8ED8FECAED}.Release|x86.ActiveCfg = Release|Win32
		{AA0A38B5-05C7-4283-9594-CF8ED8FECAED}.Release|x86.Build.0 = Release|Win32
		{8217B9CE-8609-495A-BE09-1C916842BEE1}.Debug|Any CPU.ActiveCfg = Debug|x64
		{8217B9CE-8609-495A-BE09-1C916842BEE1}.Debug|Any CPU.Build.0 = Debug|x64
		{8217B9CE-8609-495A-BE09-1C916842BEE1}.Debug|x64.ActiveCfg = Debug|x64
		{8217B9CE-8609-495A-BE09-1C916842BEE1}.Debug|x64.Build.0 = Debug|x64
		{8217B9CE-8609-495A-BE09-1C916842BEE1}.Debug|x86.ActiveCfg = Debug|Win32
		{8217B9CE-8609-495A-BE09-1C916842BEE1}.Debug|x86.Build.0 = Debug|Win32
		{8217B9CE-8609-495A-BE09-1C916842BEE1}.Release|Any CPU.ActiveCfg = Release|x64
		{8217B9CE-8609-495A-BE09-1C916842BEE1}.Release|Any CPU.Build.0 = Release|x64
		{8217B9CE-8609-495A-BE09-1C916842BEE1}.Release|x64.ActiveCfg = Release|x64
		{8217B9CE-8609-495A-BE09-1C916842BEE1}.Release|x64.Build.0 = Release|x64
		{8217B9CE-8609-495A-BE09-1C916842BEE1}.Release|x86.ActiveCfg = Release|Win32
		{8217B9CE-8609-495A-BE09-1C916842BEE1}.Release|x86.Build.0 = Release|Win32
		{5189D12B-34B5-4C36-B925-1FA1E0705F64}.Debug|Any CPU.ActiveCfg = Debug|x64
		{5189D12B-34B5-4C36-B925-1FA1E0705F64}.Debug|Any CPU.Build.0 = Debug|x64
		{5189D12B-34B5-4C36-B925-1FA1E0705F64}.Debug|x64.ActiveCfg = Debug|x64
		{5189D12B-34B5-4C36-B925-1FA1E0705F64}.Debug|x64.Build.0 = Debug|x64
		{5189D12B-34B5-4C36-B925-1FA1E0705F64}.Debug|x86.ActiveCfg = Debug|Win32
		{5189D12B-34B5-4C36-B925-1FA1E0705F64}.Debug|x86.Build.0 = Debug|Win32
		{5189D12B-34B5-4C36-B925-1FA1E0705F64}.Release|Any CPU.ActiveCfg = Release|x64
		{5189D12B-34B5-4C36-B925-1FA1E0705F64}.Release|Any CPU.Build.0 = Release|x64
		{5189D12B-34B5-4C36-B925-1FA1E0705F64}.Release|x64.ActiveCfg = Release|x64
		{5189D12B-34B5-4C36-B925-1FA1E0705F64}.Release|x64.Build.0 = Release|x64
		{5189D12B-34B5-4C36-B925-1FA1E0705F64}.Release|x86.ActiveCfg = Release|Win32
		{5189D12B-34B5-4C36-B925-1FA1E0705F64}.Release|x86.Build.0 = Release|Win32
	EndGlobalSection
	GlobalSection(SolutionProperties) = preSolution
		HideSolutionNode = FALSE
	EndGlobalSection
	GlobalSection(ExtensibilityGlobals) = postSolution
		SolutionGuid = {0BED3F8B-ECE1-422F-B074-F2AF26653264}
	EndGlobalSection
EndGlobal
