
Microsoft Visual Studio Solution File, Format Version 12.00
# Visual Studio Version 17
VisualStudioVersion = 17.3.32929.385
MinimumVisualStudioVersion = 10.0.40219.1
Project("{8BC9CEB8-8B4A-11D0-8D11-00A0C91BC942}") = "01_IntroOOP", "01_IntroOOP\01_IntroOOP.vcxproj", "{1B9E3351-3EE5-458B-9C8F-99B598A8012E}"
EndProject
Project("{8BC9CEB8-8B4A-11D0-8D11-00A0C91BC942}") = "02_CopyConstructor", "02_CopyConstructor\02_CopyConstructor.vcxproj", "{F028F8C9-531D-468C-BF33-BF6A4F97F3CD}"
EndProject
Project("{8BC9CEB8-8B4A-11D0-8D11-00A0C91BC942}") = "03_StaticDelegation", "03_StaticDelegation\03_StaticDelegation.vcxproj", "{A1F131FF-423C-4C4D-B728-0C05400DDF14}"
EndProject
Project("{8BC9CEB8-8B4A-11D0-8D11-00A0C91BC942}") = "04_ConstExplicit", "04_ConstExplicit\04_ConstExplicit.vcxproj", "{E9FA084C-45AC-4971-9842-72E189246108}"
EndProject
Project("{8BC9CEB8-8B4A-11D0-8D11-00A0C91BC942}") = "05_OverloadOperators", "05_OverloadOperators\05_OverloadOperators.vcxproj", "{AA0A38B5-05C7-4283-9594-CF8ED8FECAED}"
EndProject
Project("{8BC9CEB8-8B4A-11D0-8D11-00A0C91BC942}") = "06_Train", "06_Train\06_Train.vcxproj", "{8217B9CE-8609-495A-BE09-1C916842BEE1}"
EndProject
Project("{8BC9CEB8-8B4A-11D0-8D11-00A0C91BC942}") = "07_OverloadTypes", "07_OverloadTypes\07_OverloadTypes.vcxproj", "{5189D12B-34B5-4C36-B925-1FA1E0705F64}"
EndProject
Project("{8BC9CEB8-8B4A-11D0-8D11-00A0C91BC942}") = "08_TemplateClass", "08_TemplateClass\08_TemplateClass.vcxproj", "{EF7A8D02-A7AC-4FDE-AB7F-5777D5AA52F9}"
EndProject
Project("{8BC9CEB8-8B4A-11D0-8D11-00A0C91BC942}") = "09_Library", "09_Library\09_Library.vcxproj", "{A6933498-19B1-4283-AD70-C73BB0890BC8}"
EndProject
Project("{8BC9CEB8-8B4A-11D0-8D11-00A0C91BC942}") = "10_InitializerList", "10_InitializerList\10_InitializerList.vcxproj", "{B0D3E92F-7B9D-4F6C-AF06-5524DF788A65}"
EndProject
Project("{8BC9CEB8-8B4A-11D0-8D11-00A0C91BC942}") = "11_Stack", "11_Stack\11_Stack.vcxproj", "{CBA53117-5CFC-4872-BF0E-D6C70242F435}"
EndProject
Project("{8BC9CEB8-8B4A-11D0-8D11-00A0C91BC942}") = "12_Queue", "12_Queue\12_Queue.vcxproj", "{4F69B809-8262-4B09-B6C1-1F78F1E349EA}"
EndProject
Project("{8BC9CEB8-8B4A-11D0-8D11-00A0C91BC942}") = "13_QueueWithPriority", "13_QueueWithPriority\13_QueueWithPriority.vcxproj", "{404D39DF-6B9E-4F19-9252-13E2694646EA}"
EndProject
Project("{8BC9CEB8-8B4A-11D0-8D11-00A0C91BC942}") = "14_SingleLinkedList", "14_SingleLinkedList\14_SingleLinkedList.vcxproj", "{DDEBC13B-4117-4739-B3A4-8FE80DDB02EC}"
EndProject
Project("{8BC9CEB8-8B4A-11D0-8D11-00A0C91BC942}") = "15_DoubleLinkedLIst", "15_DoubleLinkedLIst\15_DoubleLinkedLIst.vcxproj", "{3C245C74-8A04-4E5E-A7EA-83339B1A7CE8}"
EndProject
Project("{8BC9CEB8-8B4A-11D0-8D11-00A0C91BC942}") = "16_Inheritance", "16_Inheritance\16_Inheritance.vcxproj", "{2E6233F6-51D7-4885-B30E-124DC08AA3F5}"
EndProject
Project("{8BC9CEB8-8B4A-11D0-8D11-00A0C91BC942}") = "17_InheritancePolimorphism", "17_InheritancePolimorphism\17_InheritancePolimorphism.vcxproj", "{8974ECA6-B9CA-4126-96DF-70F81C42F6F2}"
EndProject
Project("{8BC9CEB8-8B4A-11D0-8D11-00A0C91BC942}") = "18_AbstractClass", "18_AbstractClass\18_AbstractClass.vcxproj", "{79BA35F3-78A3-4BDE-A9D1-D0A591349616}"
EndProject
Project("{8BC9CEB8-8B4A-11D0-8D11-00A0C91BC942}") = "19_PureVirtualDestructor", "19_PureVirtualDestructor\19_PureVirtualDestructor.vcxproj", "{A73D216C-0AF6-4A4A-BC40-B5AE576579EE}"
EndProject
Project("{8BC9CEB8-8B4A-11D0-8D11-00A0C91BC942}") = "20_MultiInheritance", "20_MultiInheritance\20_MultiInheritance.vcxproj", "{E807E33D-4AE8-447D-B09F-32A8B5D408DF}"
EndProject
Project("{8BC9CEB8-8B4A-11D0-8D11-00A0C91BC942}") = "21_AgregationComposition", "21_AgregationComposition\21_AgregationComposition.vcxproj", "{E0A0B427-D39A-41C9-B459-436556C63FCF}"
EndProject
Project("{8BC9CEB8-8B4A-11D0-8D11-00A0C91BC942}") = "22_Exceptions", "22_Exceptions\22_Exceptions.vcxproj", "{43E61F3F-0018-405D-8BA4-BEAFCCD4ACE8}"
EndProject
Project("{8BC9CEB8-8B4A-11D0-8D11-00A0C91BC942}") = "23_Files", "23_Files\23_Files.vcxproj", "{EA3028A9-5F73-4956-B3C4-49688FB27FF5}"
EndProject
Project("{8BC9CEB8-8B4A-11D0-8D11-00A0C91BC942}") = "24_Zoo", "24_Zoo\24_Zoo.vcxproj", "{8D570307-CACB-49E0-88BB-2F216379A9A7}"
EndProject
Global
	GlobalSection(SolutionConfigurationPlatforms) = preSolution
		Debug|Any CPU = Debug|Any CPU
		Debug|x64 = Debug|x64
		Debug|x86 = Debug|x86
		Release|Any CPU = Release|Any CPU
		Release|x64 = Release|x64
		Release|x86 = Release|x86
	EndGlobalSection
	GlobalSection(ProjectConfigurationPlatforms) = postSolution
		{1B9E3351-3EE5-458B-9C8F-99B598A8012E}.Debug|Any CPU.ActiveCfg = Debug|x64
		{1B9E3351-3EE5-458B-9C8F-99B598A8012E}.Debug|Any CPU.Build.0 = Debug|x64
		{1B9E3351-3EE5-458B-9C8F-99B598A8012E}.Debug|x64.ActiveCfg = Debug|x64
		{1B9E3351-3EE5-458B-9C8F-99B598A8012E}.Debug|x64.Build.0 = Debug|x64
		{1B9E3351-3EE5-458B-9C8F-99B598A8012E}.Debug|x86.ActiveCfg = Debug|Win32
		{1B9E3351-3EE5-458B-9C8F-99B598A8012E}.Debug|x86.Build.0 = Debug|Win32
		{1B9E3351-3EE5-458B-9C8F-99B598A8012E}.Release|Any CPU.ActiveCfg = Release|x64
		{1B9E3351-3EE5-458B-9C8F-99B598A8012E}.Release|Any CPU.Build.0 = Release|x64
		{1B9E3351-3EE5-458B-9C8F-99B598A8012E}.Release|x64.ActiveCfg = Release|x64
		{1B9E3351-3EE5-458B-9C8F-99B598A8012E}.Release|x64.Build.0 = Release|x64
		{1B9E3351-3EE5-458B-9C8F-99B598A8012E}.Release|x86.ActiveCfg = Release|Win32
		{1B9E3351-3EE5-458B-9C8F-99B598A8012E}.Release|x86.Build.0 = Release|Win32
		{F028F8C9-531D-468C-BF33-BF6A4F97F3CD}.Debug|Any CPU.ActiveCfg = Debug|x64
		{F028F8C9-531D-468C-BF33-BF6A4F97F3CD}.Debug|Any CPU.Build.0 = Debug|x64
		{F028F8C9-531D-468C-BF33-BF6A4F97F3CD}.Debug|x64.ActiveCfg = Debug|x64
		{F028F8C9-531D-468C-BF33-BF6A4F97F3CD}.Debug|x64.Build.0 = Debug|x64
		{F028F8C9-531D-468C-BF33-BF6A4F97F3CD}.Debug|x86.ActiveCfg = Debug|Win32
		{F028F8C9-531D-468C-BF33-BF6A4F97F3CD}.Debug|x86.Build.0 = Debug|Win32
		{F028F8C9-531D-468C-BF33-BF6A4F97F3CD}.Release|Any CPU.ActiveCfg = Release|x64
		{F028F8C9-531D-468C-BF33-BF6A4F97F3CD}.Release|Any CPU.Build.0 = Release|x64
		{F028F8C9-531D-468C-BF33-BF6A4F97F3CD}.Release|x64.ActiveCfg = Release|x64
		{F028F8C9-531D-468C-BF33-BF6A4F97F3CD}.Release|x64.Build.0 = Release|x64
		{F028F8C9-531D-468C-BF33-BF6A4F97F3CD}.Release|x86.ActiveCfg = Release|Win32
		{F028F8C9-531D-468C-BF33-BF6A4F97F3CD}.Release|x86.Build.0 = Release|Win32
		{A1F131FF-423C-4C4D-B728-0C05400DDF14}.Debug|Any CPU.ActiveCfg = Debug|x64
		{A1F131FF-423C-4C4D-B728-0C05400DDF14}.Debug|Any CPU.Build.0 = Debug|x64
		{A1F131FF-423C-4C4D-B728-0C05400DDF14}.Debug|x64.ActiveCfg = Debug|x64
		{A1F131FF-423C-4C4D-B728-0C05400DDF14}.Debug|x64.Build.0 = Debug|x64
		{A1F131FF-423C-4C4D-B728-0C05400DDF14}.Debug|x86.ActiveCfg = Debug|Win32
		{A1F131FF-423C-4C4D-B728-0C05400DDF14}.Debug|x86.Build.0 = Debug|Win32
		{A1F131FF-423C-4C4D-B728-0C05400DDF14}.Release|Any CPU.ActiveCfg = Release|x64
		{A1F131FF-423C-4C4D-B728-0C05400DDF14}.Release|Any CPU.Build.0 = Release|x64
		{A1F131FF-423C-4C4D-B728-0C05400DDF14}.Release|x64.ActiveCfg = Release|x64
		{A1F131FF-423C-4C4D-B728-0C05400DDF14}.Release|x64.Build.0 = Release|x64
		{A1F131FF-423C-4C4D-B728-0C05400DDF14}.Release|x86.ActiveCfg = Release|Win32
		{A1F131FF-423C-4C4D-B728-0C05400DDF14}.Release|x86.Build.0 = Release|Win32
		{E9FA084C-45AC-4971-9842-72E189246108}.Debug|Any CPU.ActiveCfg = Debug|x64
		{E9FA084C-45AC-4971-9842-72E189246108}.Debug|Any CPU.Build.0 = Debug|x64
		{E9FA084C-45AC-4971-9842-72E189246108}.Debug|x64.ActiveCfg = Debug|x64
		{E9FA084C-45AC-4971-9842-72E189246108}.Debug|x64.Build.0 = Debug|x64
		{E9FA084C-45AC-4971-9842-72E189246108}.Debug|x86.ActiveCfg = Debug|Win32
		{E9FA084C-45AC-4971-9842-72E189246108}.Debug|x86.Build.0 = Debug|Win32
		{E9FA084C-45AC-4971-9842-72E189246108}.Release|Any CPU.ActiveCfg = Release|x64
		{E9FA084C-45AC-4971-9842-72E189246108}.Release|Any CPU.Build.0 = Release|x64
		{E9FA084C-45AC-4971-9842-72E189246108}.Release|x64.ActiveCfg = Release|x64
		{E9FA084C-45AC-4971-9842-72E189246108}.Release|x64.Build.0 = Release|x64
		{E9FA084C-45AC-4971-9842-72E189246108}.Release|x86.ActiveCfg = Release|Win32
		{E9FA084C-45AC-4971-9842-72E189246108}.Release|x86.Build.0 = Release|Win32
		{AA0A38B5-05C7-4283-9594-CF8ED8FECAED}.Debug|Any CPU.ActiveCfg = Debug|x64
		{AA0A38B5-05C7-4283-9594-CF8ED8FECAED}.Debug|Any CPU.Build.0 = Debug|x64
		{AA0A38B5-05C7-4283-9594-CF8ED8FECAED}.Debug|x64.ActiveCfg = Debug|x64
		{AA0A38B5-05C7-4283-9594-CF8ED8FECAED}.Debug|x64.Build.0 = Debug|x64
		{AA0A38B5-05C7-4283-9594-CF8ED8FECAED}.Debug|x86.ActiveCfg = Debug|Win32
		{AA0A38B5-05C7-4283-9594-CF8ED8FECAED}.Debug|x86.Build.0 = Debug|Win32
		{AA0A38B5-05C7-4283-9594-CF8ED8FECAED}.Release|Any CPU.ActiveCfg = Release|x64
		{AA0A38B5-05C7-4283-9594-CF8ED8FECAED}.Release|Any CPU.Build.0 = Release|x64
		{AA0A38B5-05C7-4283-9594-CF8ED8FECAED}.Release|x64.ActiveCfg = Release|x64
		{AA0A38B5-05C7-4283-9594-CF8ED8FECAED}.Release|x64.Build.0 = Release|x64
		{AA0A38B5-05C7-4283-9594-CF8ED8FECAED}.Release|x86.ActiveCfg = Release|Win32
		{AA0A38B5-05C7-4283-9594-CF8ED8FECAED}.Release|x86.Build.0 = Release|Win32
		{8217B9CE-8609-495A-BE09-1C916842BEE1}.Debug|Any CPU.ActiveCfg = Debug|x64
		{8217B9CE-8609-495A-BE09-1C916842BEE1}.Debug|Any CPU.Build.0 = Debug|x64
		{8217B9CE-8609-495A-BE09-1C916842BEE1}.Debug|x64.ActiveCfg = Debug|x64
		{8217B9CE-8609-495A-BE09-1C916842BEE1}.Debug|x64.Build.0 = Debug|x64
		{8217B9CE-8609-495A-BE09-1C916842BEE1}.Debug|x86.ActiveCfg = Debug|Win32
		{8217B9CE-8609-495A-BE09-1C916842BEE1}.Debug|x86.Build.0 = Debug|Win32
		{8217B9CE-8609-495A-BE09-1C916842BEE1}.Release|Any CPU.ActiveCfg = Release|x64
		{8217B9CE-8609-495A-BE09-1C916842BEE1}.Release|Any CPU.Build.0 = Release|x64
		{8217B9CE-8609-495A-BE09-1C916842BEE1}.Release|x64.ActiveCfg = Release|x64
		{8217B9CE-8609-495A-BE09-1C916842BEE1}.Release|x64.Build.0 = Release|x64
		{8217B9CE-8609-495A-BE09-1C916842BEE1}.Release|x86.ActiveCfg = Release|Win32
		{8217B9CE-8609-495A-BE09-1C916842BEE1}.Release|x86.Build.0 = Release|Win32
		{5189D12B-34B5-4C36-B925-1FA1E0705F64}.Debug|Any CPU.ActiveCfg = Debug|x64
		{5189D12B-34B5-4C36-B925-1FA1E0705F64}.Debug|Any CPU.Build.0 = Debug|x64
		{5189D12B-34B5-4C36-B925-1FA1E0705F64}.Debug|x64.ActiveCfg = Debug|x64
		{5189D12B-34B5-4C36-B925-1FA1E0705F64}.Debug|x64.Build.0 = Debug|x64
		{5189D12B-34B5-4C36-B925-1FA1E0705F64}.Debug|x86.ActiveCfg = Debug|Win32
		{5189D12B-34B5-4C36-B925-1FA1E0705F64}.Debug|x86.Build.0 = Debug|Win32
		{5189D12B-34B5-4C36-B925-1FA1E0705F64}.Release|Any CPU.ActiveCfg = Release|x64
		{5189D12B-34B5-4C36-B925-1FA1E0705F64}.Release|Any CPU.Build.0 = Release|x64
		{5189D12B-34B5-4C36-B925-1FA1E0705F64}.Release|x64.ActiveCfg = Release|x64
		{5189D12B-34B5-4C36-B925-1FA1E0705F64}.Release|x64.Build.0 = Release|x64
		{5189D12B-34B5-4C36-B925-1FA1E0705F64}.Release|x86.ActiveCfg = Release|Win32
		{5189D12B-34B5-4C36-B925-1FA1E0705F64}.Release|x86.Build.0 = Release|Win32
		{EF7A8D02-A7AC-4FDE-AB7F-5777D5AA52F9}.Debug|Any CPU.ActiveCfg = Debug|x64
		{EF7A8D02-A7AC-4FDE-AB7F-5777D5AA52F9}.Debug|Any CPU.Build.0 = Debug|x64
		{EF7A8D02-A7AC-4FDE-AB7F-5777D5AA52F9}.Debug|x64.ActiveCfg = Debug|x64
		{EF7A8D02-A7AC-4FDE-AB7F-5777D5AA52F9}.Debug|x64.Build.0 = Debug|x64
		{EF7A8D02-A7AC-4FDE-AB7F-5777D5AA52F9}.Debug|x86.ActiveCfg = Debug|Win32
		{EF7A8D02-A7AC-4FDE-AB7F-5777D5AA52F9}.Debug|x86.Build.0 = Debug|Win32
		{EF7A8D02-A7AC-4FDE-AB7F-5777D5AA52F9}.Release|Any CPU.ActiveCfg = Release|x64
		{EF7A8D02-A7AC-4FDE-AB7F-5777D5AA52F9}.Release|Any CPU.Build.0 = Release|x64
		{EF7A8D02-A7AC-4FDE-AB7F-5777D5AA52F9}.Release|x64.ActiveCfg = Release|x64
		{EF7A8D02-A7AC-4FDE-AB7F-5777D5AA52F9}.Release|x64.Build.0 = Release|x64
		{EF7A8D02-A7AC-4FDE-AB7F-5777D5AA52F9}.Release|x86.ActiveCfg = Release|Win32
		{EF7A8D02-A7AC-4FDE-AB7F-5777D5AA52F9}.Release|x86.Build.0 = Release|Win32
		{A6933498-19B1-4283-AD70-C73BB0890BC8}.Debug|Any CPU.ActiveCfg = Debug|x64
		{A6933498-19B1-4283-AD70-C73BB0890BC8}.Debug|Any CPU.Build.0 = Debug|x64
		{A6933498-19B1-4283-AD70-C73BB0890BC8}.Debug|x64.ActiveCfg = Debug|x64
		{A6933498-19B1-4283-AD70-C73BB0890BC8}.Debug|x64.Build.0 = Debug|x64
		{A6933498-19B1-4283-AD70-C73BB0890BC8}.Debug|x86.ActiveCfg = Debug|Win32
		{A6933498-19B1-4283-AD70-C73BB0890BC8}.Debug|x86.Build.0 = Debug|Win32
		{A6933498-19B1-4283-AD70-C73BB0890BC8}.Release|Any CPU.ActiveCfg = Release|x64
		{A6933498-19B1-4283-AD70-C73BB0890BC8}.Release|Any CPU.Build.0 = Release|x64
		{A6933498-19B1-4283-AD70-C73BB0890BC8}.Release|x64.ActiveCfg = Release|x64
		{A6933498-19B1-4283-AD70-C73BB0890BC8}.Release|x64.Build.0 = Release|x64
		{A6933498-19B1-4283-AD70-C73BB0890BC8}.Release|x86.ActiveCfg = Release|Win32
		{A6933498-19B1-4283-AD70-C73BB0890BC8}.Release|x86.Build.0 = Release|Win32
		{B0D3E92F-7B9D-4F6C-AF06-5524DF788A65}.Debug|Any CPU.ActiveCfg = Debug|x64
		{B0D3E92F-7B9D-4F6C-AF06-5524DF788A65}.Debug|Any CPU.Build.0 = Debug|x64
		{B0D3E92F-7B9D-4F6C-AF06-5524DF788A65}.Debug|x64.ActiveCfg = Debug|x64
		{B0D3E92F-7B9D-4F6C-AF06-5524DF788A65}.Debug|x64.Build.0 = Debug|x64
		{B0D3E92F-7B9D-4F6C-AF06-5524DF788A65}.Debug|x86.ActiveCfg = Debug|Win32
		{B0D3E92F-7B9D-4F6C-AF06-5524DF788A65}.Debug|x86.Build.0 = Debug|Win32
		{B0D3E92F-7B9D-4F6C-AF06-5524DF788A65}.Release|Any CPU.ActiveCfg = Release|x64
		{B0D3E92F-7B9D-4F6C-AF06-5524DF788A65}.Release|Any CPU.Build.0 = Release|x64
		{B0D3E92F-7B9D-4F6C-AF06-5524DF788A65}.Release|x64.ActiveCfg = Release|x64
		{B0D3E92F-7B9D-4F6C-AF06-5524DF788A65}.Release|x64.Build.0 = Release|x64
		{B0D3E92F-7B9D-4F6C-AF06-5524DF788A65}.Release|x86.ActiveCfg = Release|Win32
		{B0D3E92F-7B9D-4F6C-AF06-5524DF788A65}.Release|x86.Build.0 = Release|Win32
		{CBA53117-5CFC-4872-BF0E-D6C70242F435}.Debug|Any CPU.ActiveCfg = Debug|x64
		{CBA53117-5CFC-4872-BF0E-D6C70242F435}.Debug|Any CPU.Build.0 = Debug|x64
		{CBA53117-5CFC-4872-BF0E-D6C70242F435}.Debug|x64.ActiveCfg = Debug|x64
		{CBA53117-5CFC-4872-BF0E-D6C70242F435}.Debug|x64.Build.0 = Debug|x64
		{CBA53117-5CFC-4872-BF0E-D6C70242F435}.Debug|x86.ActiveCfg = Debug|Win32
		{CBA53117-5CFC-4872-BF0E-D6C70242F435}.Debug|x86.Build.0 = Debug|Win32
		{CBA53117-5CFC-4872-BF0E-D6C70242F435}.Release|Any CPU.ActiveCfg = Release|x64
		{CBA53117-5CFC-4872-BF0E-D6C70242F435}.Release|Any CPU.Build.0 = Release|x64
		{CBA53117-5CFC-4872-BF0E-D6C70242F435}.Release|x64.ActiveCfg = Release|x64
		{CBA53117-5CFC-4872-BF0E-D6C70242F435}.Release|x64.Build.0 = Release|x64
		{CBA53117-5CFC-4872-BF0E-D6C70242F435}.Release|x86.ActiveCfg = Release|Win32
		{CBA53117-5CFC-4872-BF0E-D6C70242F435}.Release|x86.Build.0 = Release|Win32
		{4F69B809-8262-4B09-B6C1-1F78F1E349EA}.Debug|Any CPU.ActiveCfg = Debug|x64
		{4F69B809-8262-4B09-B6C1-1F78F1E349EA}.Debug|Any CPU.Build.0 = Debug|x64
		{4F69B809-8262-4B09-B6C1-1F78F1E349EA}.Debug|x64.ActiveCfg = Debug|x64
		{4F69B809-8262-4B09-B6C1-1F78F1E349EA}.Debug|x64.Build.0 = Debug|x64
		{4F69B809-8262-4B09-B6C1-1F78F1E349EA}.Debug|x86.ActiveCfg = Debug|Win32
		{4F69B809-8262-4B09-B6C1-1F78F1E349EA}.Debug|x86.Build.0 = Debug|Win32
		{4F69B809-8262-4B09-B6C1-1F78F1E349EA}.Release|Any CPU.ActiveCfg = Release|x64
		{4F69B809-8262-4B09-B6C1-1F78F1E349EA}.Release|Any CPU.Build.0 = Release|x64
		{4F69B809-8262-4B09-B6C1-1F78F1E349EA}.Release|x64.ActiveCfg = Release|x64
		{4F69B809-8262-4B09-B6C1-1F78F1E349EA}.Release|x64.Build.0 = Release|x64
		{4F69B809-8262-4B09-B6C1-1F78F1E349EA}.Release|x86.ActiveCfg = Release|Win32
		{4F69B809-8262-4B09-B6C1-1F78F1E349EA}.Release|x86.Build.0 = Release|Win32
		{404D39DF-6B9E-4F19-9252-13E2694646EA}.Debug|Any CPU.ActiveCfg = Debug|x64
		{404D39DF-6B9E-4F19-9252-13E2694646EA}.Debug|Any CPU.Build.0 = Debug|x64
		{404D39DF-6B9E-4F19-9252-13E2694646EA}.Debug|x64.ActiveCfg = Debug|x64
		{404D39DF-6B9E-4F19-9252-13E2694646EA}.Debug|x64.Build.0 = Debug|x64
		{404D39DF-6B9E-4F19-9252-13E2694646EA}.Debug|x86.ActiveCfg = Debug|Win32
		{404D39DF-6B9E-4F19-9252-13E2694646EA}.Debug|x86.Build.0 = Debug|Win32
		{404D39DF-6B9E-4F19-9252-13E2694646EA}.Release|Any CPU.ActiveCfg = Release|x64
		{404D39DF-6B9E-4F19-9252-13E2694646EA}.Release|Any CPU.Build.0 = Release|x64
		{404D39DF-6B9E-4F19-9252-13E2694646EA}.Release|x64.ActiveCfg = Release|x64
		{404D39DF-6B9E-4F19-9252-13E2694646EA}.Release|x64.Build.0 = Release|x64
		{404D39DF-6B9E-4F19-9252-13E2694646EA}.Release|x86.ActiveCfg = Release|Win32
		{404D39DF-6B9E-4F19-9252-13E2694646EA}.Release|x86.Build.0 = Release|Win32
		{DDEBC13B-4117-4739-B3A4-8FE80DDB02EC}.Debug|Any CPU.ActiveCfg = Debug|x64
		{DDEBC13B-4117-4739-B3A4-8FE80DDB02EC}.Debug|Any CPU.Build.0 = Debug|x64
		{DDEBC13B-4117-4739-B3A4-8FE80DDB02EC}.Debug|x64.ActiveCfg = Debug|x64
		{DDEBC13B-4117-4739-B3A4-8FE80DDB02EC}.Debug|x64.Build.0 = Debug|x64
		{DDEBC13B-4117-4739-B3A4-8FE80DDB02EC}.Debug|x86.ActiveCfg = Debug|Win32
		{DDEBC13B-4117-4739-B3A4-8FE80DDB02EC}.Debug|x86.Build.0 = Debug|Win32
		{DDEBC13B-4117-4739-B3A4-8FE80DDB02EC}.Release|Any CPU.ActiveCfg = Release|x64
		{DDEBC13B-4117-4739-B3A4-8FE80DDB02EC}.Release|Any CPU.Build.0 = Release|x64
		{DDEBC13B-4117-4739-B3A4-8FE80DDB02EC}.Release|x64.ActiveCfg = Release|x64
		{DDEBC13B-4117-4739-B3A4-8FE80DDB02EC}.Release|x64.Build.0 = Release|x64
		{DDEBC13B-4117-4739-B3A4-8FE80DDB02EC}.Release|x86.ActiveCfg = Release|Win32
		{DDEBC13B-4117-4739-B3A4-8FE80DDB02EC}.Release|x86.Build.0 = Release|Win32
		{3C245C74-8A04-4E5E-A7EA-83339B1A7CE8}.Debug|Any CPU.ActiveCfg = Debug|x64
		{3C245C74-8A04-4E5E-A7EA-83339B1A7CE8}.Debug|Any CPU.Build.0 = Debug|x64
		{3C245C74-8A04-4E5E-A7EA-83339B1A7CE8}.Debug|x64.ActiveCfg = Debug|x64
		{3C245C74-8A04-4E5E-A7EA-83339B1A7CE8}.Debug|x64.Build.0 = Debug|x64
		{3C245C74-8A04-4E5E-A7EA-83339B1A7CE8}.Debug|x86.ActiveCfg = Debug|Win32
		{3C245C74-8A04-4E5E-A7EA-83339B1A7CE8}.Debug|x86.Build.0 = Debug|Win32
		{3C245C74-8A04-4E5E-A7EA-83339B1A7CE8}.Release|Any CPU.ActiveCfg = Release|x64
		{3C245C74-8A04-4E5E-A7EA-83339B1A7CE8}.Release|Any CPU.Build.0 = Release|x64
		{3C245C74-8A04-4E5E-A7EA-83339B1A7CE8}.Release|x64.ActiveCfg = Release|x64
		{3C245C74-8A04-4E5E-A7EA-83339B1A7CE8}.Release|x64.Build.0 = Release|x64
		{3C245C74-8A04-4E5E-A7EA-83339B1A7CE8}.Release|x86.ActiveCfg = Release|Win32
		{3C245C74-8A04-4E5E-A7EA-83339B1A7CE8}.Release|x86.Build.0 = Release|Win32
		{2E6233F6-51D7-4885-B30E-124DC08AA3F5}.Debug|Any CPU.ActiveCfg = Debug|x64
		{2E6233F6-51D7-4885-B30E-124DC08AA3F5}.Debug|Any CPU.Build.0 = Debug|x64
		{2E6233F6-51D7-4885-B30E-124DC08AA3F5}.Debug|x64.ActiveCfg = Debug|x64
		{2E6233F6-51D7-4885-B30E-124DC08AA3F5}.Debug|x64.Build.0 = Debug|x64
		{2E6233F6-51D7-4885-B30E-124DC08AA3F5}.Debug|x86.ActiveCfg = Debug|Win32
		{2E6233F6-51D7-4885-B30E-124DC08AA3F5}.Debug|x86.Build.0 = Debug|Win32
		{2E6233F6-51D7-4885-B30E-124DC08AA3F5}.Release|Any CPU.ActiveCfg = Release|x64
		{2E6233F6-51D7-4885-B30E-124DC08AA3F5}.Release|Any CPU.Build.0 = Release|x64
		{2E6233F6-51D7-4885-B30E-124DC08AA3F5}.Release|x64.ActiveCfg = Release|x64
		{2E6233F6-51D7-4885-B30E-124DC08AA3F5}.Release|x64.Build.0 = Release|x64
		{2E6233F6-51D7-4885-B30E-124DC08AA3F5}.Release|x86.ActiveCfg = Release|Win32
		{2E6233F6-51D7-4885-B30E-124DC08AA3F5}.Release|x86.Build.0 = Release|Win32
		{8974ECA6-B9CA-4126-96DF-70F81C42F6F2}.Debug|Any CPU.ActiveCfg = Debug|x64
		{8974ECA6-B9CA-4126-96DF-70F81C42F6F2}.Debug|Any CPU.Build.0 = Debug|x64
		{8974ECA6-B9CA-4126-96DF-70F81C42F6F2}.Debug|x64.ActiveCfg = Debug|x64
		{8974ECA6-B9CA-4126-96DF-70F81C42F6F2}.Debug|x64.Build.0 = Debug|x64
		{8974ECA6-B9CA-4126-96DF-70F81C42F6F2}.Debug|x86.ActiveCfg = Debug|Win32
		{8974ECA6-B9CA-4126-96DF-70F81C42F6F2}.Debug|x86.Build.0 = Debug|Win32
		{8974ECA6-B9CA-4126-96DF-70F81C42F6F2}.Release|Any CPU.ActiveCfg = Release|x64
		{8974ECA6-B9CA-4126-96DF-70F81C42F6F2}.Release|Any CPU.Build.0 = Release|x64
		{8974ECA6-B9CA-4126-96DF-70F81C42F6F2}.Release|x64.ActiveCfg = Release|x64
		{8974ECA6-B9CA-4126-96DF-70F81C42F6F2}.Release|x64.Build.0 = Release|x64
		{8974ECA6-B9CA-4126-96DF-70F81C42F6F2}.Release|x86.ActiveCfg = Release|Win32
		{8974ECA6-B9CA-4126-96DF-70F81C42F6F2}.Release|x86.Build.0 = Release|Win32
		{79BA35F3-78A3-4BDE-A9D1-D0A591349616}.Debug|Any CPU.ActiveCfg = Debug|x64
		{79BA35F3-78A3-4BDE-A9D1-D0A591349616}.Debug|Any CPU.Build.0 = Debug|x64
		{79BA35F3-78A3-4BDE-A9D1-D0A591349616}.Debug|x64.ActiveCfg = Debug|x64
		{79BA35F3-78A3-4BDE-A9D1-D0A591349616}.Debug|x64.Build.0 = Debug|x64
		{79BA35F3-78A3-4BDE-A9D1-D0A591349616}.Debug|x86.ActiveCfg = Debug|Win32
		{79BA35F3-78A3-4BDE-A9D1-D0A591349616}.Debug|x86.Build.0 = Debug|Win32
		{79BA35F3-78A3-4BDE-A9D1-D0A591349616}.Release|Any CPU.ActiveCfg = Release|x64
		{79BA35F3-78A3-4BDE-A9D1-D0A591349616}.Release|Any CPU.Build.0 = Release|x64
		{79BA35F3-78A3-4BDE-A9D1-D0A591349616}.Release|x64.ActiveCfg = Release|x64
		{79BA35F3-78A3-4BDE-A9D1-D0A591349616}.Release|x64.Build.0 = Release|x64
		{79BA35F3-78A3-4BDE-A9D1-D0A591349616}.Release|x86.ActiveCfg = Release|Win32
		{79BA35F3-78A3-4BDE-A9D1-D0A591349616}.Release|x86.Build.0 = Release|Win32
		{A73D216C-0AF6-4A4A-BC40-B5AE576579EE}.Debug|Any CPU.ActiveCfg = Debug|x64
		{A73D216C-0AF6-4A4A-BC40-B5AE576579EE}.Debug|Any CPU.Build.0 = Debug|x64
		{A73D216C-0AF6-4A4A-BC40-B5AE576579EE}.Debug|x64.ActiveCfg = Debug|x64
		{A73D216C-0AF6-4A4A-BC40-B5AE576579EE}.Debug|x64.Build.0 = Debug|x64
		{A73D216C-0AF6-4A4A-BC40-B5AE576579EE}.Debug|x86.ActiveCfg = Debug|Win32
		{A73D216C-0AF6-4A4A-BC40-B5AE576579EE}.Debug|x86.Build.0 = Debug|Win32
		{A73D216C-0AF6-4A4A-BC40-B5AE576579EE}.Release|Any CPU.ActiveCfg = Release|x64
		{A73D216C-0AF6-4A4A-BC40-B5AE576579EE}.Release|Any CPU.Build.0 = Release|x64
		{A73D216C-0AF6-4A4A-BC40-B5AE576579EE}.Release|x64.ActiveCfg = Release|x64
		{A73D216C-0AF6-4A4A-BC40-B5AE576579EE}.Release|x64.Build.0 = Release|x64
		{A73D216C-0AF6-4A4A-BC40-B5AE576579EE}.Release|x86.ActiveCfg = Release|Win32
		{A73D216C-0AF6-4A4A-BC40-B5AE576579EE}.Release|x86.Build.0 = Release|Win32
		{E807E33D-4AE8-447D-B09F-32A8B5D408DF}.Debug|Any CPU.ActiveCfg = Debug|x64
		{E807E33D-4AE8-447D-B09F-32A8B5D408DF}.Debug|Any CPU.Build.0 = Debug|x64
		{E807E33D-4AE8-447D-B09F-32A8B5D408DF}.Debug|x64.ActiveCfg = Debug|x64
		{E807E33D-4AE8-447D-B09F-32A8B5D408DF}.Debug|x64.Build.0 = Debug|x64
		{E807E33D-4AE8-447D-B09F-32A8B5D408DF}.Debug|x86.ActiveCfg = Debug|Win32
		{E807E33D-4AE8-447D-B09F-32A8B5D408DF}.Debug|x86.Build.0 = Debug|Win32
		{E807E33D-4AE8-447D-B09F-32A8B5D408DF}.Release|Any CPU.ActiveCfg = Release|x64
		{E807E33D-4AE8-447D-B09F-32A8B5D408DF}.Release|Any CPU.Build.0 = Release|x64
		{E807E33D-4AE8-447D-B09F-32A8B5D408DF}.Release|x64.ActiveCfg = Release|x64
		{E807E33D-4AE8-447D-B09F-32A8B5D408DF}.Release|x64.Build.0 = Release|x64
		{E807E33D-4AE8-447D-B09F-32A8B5D408DF}.Release|x86.ActiveCfg = Release|Win32
		{E807E33D-4AE8-447D-B09F-32A8B5D408DF}.Release|x86.Build.0 = Release|Win32
		{E0A0B427-D39A-41C9-B459-436556C63FCF}.Debug|Any CPU.ActiveCfg = Debug|x64
		{E0A0B427-D39A-41C9-B459-436556C63FCF}.Debug|Any CPU.Build.0 = Debug|x64
		{E0A0B427-D39A-41C9-B459-436556C63FCF}.Debug|x64.ActiveCfg = Debug|x64
		{E0A0B427-D39A-41C9-B459-436556C63FCF}.Debug|x64.Build.0 = Debug|x64
		{E0A0B427-D39A-41C9-B459-436556C63FCF}.Debug|x86.ActiveCfg = Debug|Win32
		{E0A0B427-D39A-41C9-B459-436556C63FCF}.Debug|x86.Build.0 = Debug|Win32
		{E0A0B427-D39A-41C9-B459-436556C63FCF}.Release|Any CPU.ActiveCfg = Release|x64
		{E0A0B427-D39A-41C9-B459-436556C63FCF}.Release|Any CPU.Build.0 = Release|x64
		{E0A0B427-D39A-41C9-B459-436556C63FCF}.Release|x64.ActiveCfg = Release|x64
		{E0A0B427-D39A-41C9-B459-436556C63FCF}.Release|x64.Build.0 = Release|x64
		{E0A0B427-D39A-41C9-B459-436556C63FCF}.Release|x86.ActiveCfg = Release|Win32
		{E0A0B427-D39A-41C9-B459-436556C63FCF}.Release|x86.Build.0 = Release|Win32
		{43E61F3F-0018-405D-8BA4-BEAFCCD4ACE8}.Debug|Any CPU.ActiveCfg = Debug|x64
		{43E61F3F-0018-405D-8BA4-BEAFCCD4ACE8}.Debug|Any CPU.Build.0 = Debug|x64
		{43E61F3F-0018-405D-8BA4-BEAFCCD4ACE8}.Debug|x64.ActiveCfg = Debug|x64
		{43E61F3F-0018-405D-8BA4-BEAFCCD4ACE8}.Debug|x64.Build.0 = Debug|x64
		{43E61F3F-0018-405D-8BA4-BEAFCCD4ACE8}.Debug|x86.ActiveCfg = Debug|Win32
		{43E61F3F-0018-405D-8BA4-BEAFCCD4ACE8}.Debug|x86.Build.0 = Debug|Win32
		{43E61F3F-0018-405D-8BA4-BEAFCCD4ACE8}.Release|Any CPU.ActiveCfg = Release|x64
		{43E61F3F-0018-405D-8BA4-BEAFCCD4ACE8}.Release|Any CPU.Build.0 = Release|x64
		{43E61F3F-0018-405D-8BA4-BEAFCCD4ACE8}.Release|x64.ActiveCfg = Release|x64
		{43E61F3F-0018-405D-8BA4-BEAFCCD4ACE8}.Release|x64.Build.0 = Release|x64
		{43E61F3F-0018-405D-8BA4-BEAFCCD4ACE8}.Release|x86.ActiveCfg = Release|Win32
		{43E61F3F-0018-405D-8BA4-BEAFCCD4ACE8}.Release|x86.Build.0 = Release|Win32
		{EA3028A9-5F73-4956-B3C4-49688FB27FF5}.Debug|Any CPU.ActiveCfg = Debug|x64
		{EA3028A9-5F73-4956-B3C4-49688FB27FF5}.Debug|Any CPU.Build.0 = Debug|x64
		{EA3028A9-5F73-4956-B3C4-49688FB27FF5}.Debug|x64.ActiveCfg = Debug|x64
		{EA3028A9-5F73-4956-B3C4-49688FB27FF5}.Debug|x64.Build.0 = Debug|x64
		{EA3028A9-5F73-4956-B3C4-49688FB27FF5}.Debug|x86.ActiveCfg = Debug|Win32
		{EA3028A9-5F73-4956-B3C4-49688FB27FF5}.Debug|x86.Build.0 = Debug|Win32
		{EA3028A9-5F73-4956-B3C4-49688FB27FF5}.Release|Any CPU.ActiveCfg = Release|x64
		{EA3028A9-5F73-4956-B3C4-49688FB27FF5}.Release|Any CPU.Build.0 = Release|x64
		{EA3028A9-5F73-4956-B3C4-49688FB27FF5}.Release|x64.ActiveCfg = Release|x64
		{EA3028A9-5F73-4956-B3C4-49688FB27FF5}.Release|x64.Build.0 = Release|x64
		{EA3028A9-5F73-4956-B3C4-49688FB27FF5}.Release|x86.ActiveCfg = Release|Win32
		{EA3028A9-5F73-4956-B3C4-49688FB27FF5}.Release|x86.Build.0 = Release|Win32
		{8D570307-CACB-49E0-88BB-2F216379A9A7}.Debug|Any CPU.ActiveCfg = Debug|x64
		{8D570307-CACB-49E0-88BB-2F216379A9A7}.Debug|Any CPU.Build.0 = Debug|x64
		{8D570307-CACB-49E0-88BB-2F216379A9A7}.Debug|x64.ActiveCfg = Debug|x64
		{8D570307-CACB-49E0-88BB-2F216379A9A7}.Debug|x64.Build.0 = Debug|x64
		{8D570307-CACB-49E0-88BB-2F216379A9A7}.Debug|x86.ActiveCfg = Debug|Win32
		{8D570307-CACB-49E0-88BB-2F216379A9A7}.Debug|x86.Build.0 = Debug|Win32
		{8D570307-CACB-49E0-88BB-2F216379A9A7}.Release|Any CPU.ActiveCfg = Release|x64
		{8D570307-CACB-49E0-88BB-2F216379A9A7}.Release|Any CPU.Build.0 = Release|x64
		{8D570307-CACB-49E0-88BB-2F216379A9A7}.Release|x64.ActiveCfg = Release|x64
		{8D570307-CACB-49E0-88BB-2F216379A9A7}.Release|x64.Build.0 = Release|x64
		{8D570307-CACB-49E0-88BB-2F216379A9A7}.Release|x86.ActiveCfg = Release|Win32
		{8D570307-CACB-49E0-88BB-2F216379A9A7}.Release|x86.Build.0 = Release|Win32
	EndGlobalSection
	GlobalSection(SolutionProperties) = preSolution
		HideSolutionNode = FALSE
	EndGlobalSection
	GlobalSection(ExtensibilityGlobals) = postSolution
		SolutionGuid = {0BED3F8B-ECE1-422F-B074-F2AF26653264}
	EndGlobalSection
EndGlobal
